{
  "name": "subfinder-js",
  "version": "1.0.0",
  "lockfileVersion": 3,
  "requires": true,
  "packages": {
    "": {
      "name": "subfinder-js",
      "version": "1.0.0",
      "license": "MIT",
      "bin": {
        "subfinder-js": "subfinder.js"
      },
      "engines": {
        "node": ">=14.0.0"
      }
    }
  }
}
